
Microsoft Visual Studio Solution File, Format Version 12.00
# Visual Studio 14
VisualStudioVersion = 14.0.23107.0
MinimumVisualStudioVersion = 10.0.40219.1
Project("{FAE04EC0-301F-11D3-BF4B-00C04F79EFBC}") = "app3.2.1", "ConsoleApplication1\app3.2.1.csproj", "{3DE11F77-BD37-47C1-95AB-3D308893AC36}"
EndProject
Project("{FAE04EC0-301F-11D3-BF4B-00C04F79EFBC}") = "app3.2.2", "app3.2.2\app3.2.2.csproj", "{96292DBA-C069-4DCD-8113-4FE4BBD8F1E9}"
EndProject
Project("{FAE04EC0-301F-11D3-BF4B-00C04F79EFBC}") = "app3.3.1", "app3.3.1\app3.3.1.csproj", "{36E9394A-779E-45C6-B95B-07F9052EF571}"
EndProject
Project("{FAE04EC0-301F-11D3-BF4B-00C04F79EFBC}") = "app5.1.1", "app5.1.1\app5.1.1.csproj", "{6B85A5D3-2168-4F30-B6FD-51071312E419}"
EndProject
Project("{FAE04EC0-301F-11D3-BF4B-00C04F79EFBC}") = "app5.4.1", "app5.4.1\app5.4.1.csproj", "{3EB840AC-DE2F-4F39-9EC1-A88EF17E807C}"
EndProject
Project("{FAE04EC0-301F-11D3-BF4B-00C04F79EFBC}") = "app5.5.1", "app5.5.1\app5.5.1.csproj", "{7E8B3602-38AB-4ED5-8470-B28FF8A16A89}"
EndProject
Project("{FAE04EC0-301F-11D3-BF4B-00C04F79EFBC}") = "app5.8.1", "app5.8.1\app5.8.1.csproj", "{4714349A-E92D-4814-BEC9-E0122AB5E674}"
EndProject
Project("{FAE04EC0-301F-11D3-BF4B-00C04F79EFBC}") = "app8.2.1", "app8.2.1\app8.2.1.csproj", "{C89C0FB6-3EDB-4C43-A760-EB8CA4D63A13}"
EndProject
Project("{FAE04EC0-301F-11D3-BF4B-00C04F79EFBC}") = "app8.2.2", "app8.2.2\app8.2.2.csproj", "{0AC11183-2521-4A43-9F41-208B7FFB507B}"
EndProject
Global
	GlobalSection(SolutionConfigurationPlatforms) = preSolution
		Debug|Any CPU = Debug|Any CPU
		Release|Any CPU = Release|Any CPU
	EndGlobalSection
	GlobalSection(ProjectConfigurationPlatforms) = postSolution
		{3DE11F77-BD37-47C1-95AB-3D308893AC36}.Debug|Any CPU.ActiveCfg = Debug|Any CPU
		{3DE11F77-BD37-47C1-95AB-3D308893AC36}.Debug|Any CPU.Build.0 = Debug|Any CPU
		{3DE11F77-BD37-47C1-95AB-3D308893AC36}.Release|Any CPU.ActiveCfg = Release|Any CPU
		{3DE11F77-BD37-47C1-95AB-3D308893AC36}.Release|Any CPU.Build.0 = Release|Any CPU
		{96292DBA-C069-4DCD-8113-4FE4BBD8F1E9}.Debug|Any CPU.ActiveCfg = Debug|Any CPU
		{96292DBA-C069-4DCD-8113-4FE4BBD8F1E9}.Debug|Any CPU.Build.0 = Debug|Any CPU
		{96292DBA-C069-4DCD-8113-4FE4BBD8F1E9}.Release|Any CPU.ActiveCfg = Release|Any CPU
		{96292DBA-C069-4DCD-8113-4FE4BBD8F1E9}.Release|Any CPU.Build.0 = Release|Any CPU
		{36E9394A-779E-45C6-B95B-07F9052EF571}.Debug|Any CPU.ActiveCfg = Debug|Any CPU
		{36E9394A-779E-45C6-B95B-07F9052EF571}.Debug|Any CPU.Build.0 = Debug|Any CPU
		{36E9394A-779E-45C6-B95B-07F9052EF571}.Release|Any CPU.ActiveCfg = Release|Any CPU
		{36E9394A-779E-45C6-B95B-07F9052EF571}.Release|Any CPU.Build.0 = Release|Any CPU
		{6B85A5D3-2168-4F30-B6FD-51071312E419}.Debug|Any CPU.ActiveCfg = Debug|Any CPU
		{6B85A5D3-2168-4F30-B6FD-51071312E419}.Debug|Any CPU.Build.0 = Debug|Any CPU
		{6B85A5D3-2168-4F30-B6FD-51071312E419}.Release|Any CPU.ActiveCfg = Release|Any CPU
		{6B85A5D3-2168-4F30-B6FD-51071312E419}.Release|Any CPU.Build.0 = Release|Any CPU
		{3EB840AC-DE2F-4F39-9EC1-A88EF17E807C}.Debug|Any CPU.ActiveCfg = Debug|Any CPU
		{3EB840AC-DE2F-4F39-9EC1-A88EF17E807C}.Debug|Any CPU.Build.0 = Debug|Any CPU
		{3EB840AC-DE2F-4F39-9EC1-A88EF17E807C}.Release|Any CPU.ActiveCfg = Release|Any CPU
		{3EB840AC-DE2F-4F39-9EC1-A88EF17E807C}.Release|Any CPU.Build.0 = Release|Any CPU
		{7E8B3602-38AB-4ED5-8470-B28FF8A16A89}.Debug|Any CPU.ActiveCfg = Debug|Any CPU
		{7E8B3602-38AB-4ED5-8470-B28FF8A16A89}.Debug|Any CPU.Build.0 = Debug|Any CPU
		{7E8B3602-38AB-4ED5-8470-B28FF8A16A89}.Release|Any CPU.ActiveCfg = Release|Any CPU
		{7E8B3602-38AB-4ED5-8470-B28FF8A16A89}.Release|Any CPU.Build.0 = Release|Any CPU
		{4714349A-E92D-4814-BEC9-E0122AB5E674}.Debug|Any CPU.ActiveCfg = Debug|Any CPU
		{4714349A-E92D-4814-BEC9-E0122AB5E674}.Debug|Any CPU.Build.0 = Debug|Any CPU
		{4714349A-E92D-4814-BEC9-E0122AB5E674}.Release|Any CPU.ActiveCfg = Release|Any CPU
		{4714349A-E92D-4814-BEC9-E0122AB5E674}.Release|Any CPU.Build.0 = Release|Any CPU
		{C89C0FB6-3EDB-4C43-A760-EB8CA4D63A13}.Debug|Any CPU.ActiveCfg = Debug|Any CPU
		{C89C0FB6-3EDB-4C43-A760-EB8CA4D63A13}.Debug|Any CPU.Build.0 = Debug|Any CPU
		{C89C0FB6-3EDB-4C43-A760-EB8CA4D63A13}.Release|Any CPU.ActiveCfg = Release|Any CPU
		{C89C0FB6-3EDB-4C43-A760-EB8CA4D63A13}.Release|Any CPU.Build.0 = Release|Any CPU
		{0AC11183-2521-4A43-9F41-208B7FFB507B}.Debug|Any CPU.ActiveCfg = Debug|Any CPU
		{0AC11183-2521-4A43-9F41-208B7FFB507B}.Debug|Any CPU.Build.0 = Debug|Any CPU
		{0AC11183-2521-4A43-9F41-208B7FFB507B}.Release|Any CPU.ActiveCfg = Release|Any CPU
		{0AC11183-2521-4A43-9F41-208B7FFB507B}.Release|Any CPU.Build.0 = Release|Any CPU
	EndGlobalSection
	GlobalSection(SolutionProperties) = preSolution
		HideSolutionNode = FALSE
	EndGlobalSection
EndGlobal
